
Microsoft Visual Studio Solution File, Format Version 12.00
# Visual Studio 15
VisualStudioVersion = 15.0.27130.2027
MinimumVisualStudioVersion = 10.0.40219.1
Project("{F2A71F9B-5D33-465A-A702-920D77279786}") = "euler", "euler\euler.fsproj", "{848A526B-F1F4-4CF5-B6BE-1DB448039EB1}"
EndProject
Global
	GlobalSection(SolutionConfigurationPlatforms) = preSolution
		Debug|Any CPU = Debug|Any CPU
		Release|Any CPU = Release|Any CPU
	EndGlobalSection
	GlobalSection(ProjectConfigurationPlatforms) = postSolution
		{848A526B-F1F4-4CF5-B6BE-1DB448039EB1}.Debug|Any CPU.ActiveCfg = Debug|Any CPU
		{848A526B-F1F4-4CF5-B6BE-1DB448039EB1}.Debug|Any CPU.Build.0 = Debug|Any CPU
		{848A526B-F1F4-4CF5-B6BE-1DB448039EB1}.Release|Any CPU.ActiveCfg = Release|Any CPU
		{848A526B-F1F4-4CF5-B6BE-1DB448039EB1}.Release|Any CPU.Build.0 = Release|Any CPU
	EndGlobalSection
	GlobalSection(SolutionProperties) = preSolution
		HideSolutionNode = FALSE
	EndGlobalSection
	GlobalSection(ExtensibilityGlobals) = postSolution
		SolutionGuid = {BC454775-7158-4116-AA9A-CE17BA434E0A}
	EndGlobalSection
EndGlobal
